
Microsoft Visual Studio Solution File, Format Version 12.00
# Visual Studio Version 17
VisualStudioVersion = 17.5.002.0
MinimumVisualStudioVersion = 10.0.40219.1
Project("{9A19103F-16F7-4668-BE54-9A1E7A4F7556}") = "taller1", "taller1.csproj", "{F94EF02D-AB86-4ABE-AAE8-C0A6D6251D82}"
EndProject
Global
	GlobalSection(SolutionConfigurationPlatforms) = preSolution
		Debug|Any CPU = Debug|Any CPU
		Release|Any CPU = Release|Any CPU
	EndGlobalSection
	GlobalSection(ProjectConfigurationPlatforms) = postSolution
		{F94EF02D-AB86-4ABE-AAE8-C0A6D6251D82}.Debug|Any CPU.ActiveCfg = Debug|Any CPU
		{F94EF02D-AB86-4ABE-AAE8-C0A6D6251D82}.Debug|Any CPU.Build.0 = Debug|Any CPU
		{F94EF02D-AB86-4ABE-AAE8-C0A6D6251D82}.Release|Any CPU.ActiveCfg = Release|Any CPU
		{F94EF02D-AB86-4ABE-AAE8-C0A6D6251D82}.Release|Any CPU.Build.0 = Release|Any CPU
	EndGlobalSection
	GlobalSection(SolutionProperties) = preSolution
		HideSolutionNode = FALSE
	EndGlobalSection
	GlobalSection(ExtensibilityGlobals) = postSolution
		SolutionGuid = {5D8ED5BB-0A21-429B-8CD4-7CF6AA4108E9}
	EndGlobalSection
EndGlobal
